lockfileVersion: '9.0'

settings:
  autoInstallPeers: true
  excludeLinksFromLockfile: false

importers:

  .:
    dependencies:
      '@sharpee/core':
        specifier: ^1.1.1
        version: 1.1.1
      '@sharpee/engine':
        specifier: ^1.1.1
        version: 1.1.1
      '@sharpee/event-processor':
        specifier: ^1.1.1
        version: 1.1.1
      '@sharpee/helpers':
        specifier: ^1.1.1
        version: 1.1.1
      '@sharpee/if-domain':
        specifier: ^1.1.1
        version: 1.1.1
      '@sharpee/lang-en-us':
        specifier: ^1.2.0
        version: 1.2.0
      '@sharpee/media':
        specifier: ^1.1.1
        version: 1.1.1
      '@sharpee/parser-en-us':
        specifier: ^1.1.1
        version: 1.1.1
      '@sharpee/platform-browser':
        specifier: ^1.1.2
        version: 1.1.2(@sharpee/channel-service@1.1.1)(@sharpee/core@1.1.1)(@sharpee/engine@1.1.1)(@sharpee/if-domain@1.1.1)(@sharpee/stdlib@1.2.0)(@sharpee/text-blocks@1.1.1)(@sharpee/world-model@1.2.0)
      '@sharpee/plugin-npc':
        specifier: ^1.1.1
        version: 1.1.1
      '@sharpee/plugin-scheduler':
        specifier: ^1.1.1
        version: 1.1.1
      '@sharpee/stdlib':
        specifier: ^1.2.0
        version: 1.2.0
      '@sharpee/world-model':
        specifier: ^1.2.0
        version: 1.2.0
    devDependencies:
      '@sharpee/devkit':
        specifier: ^1.1.4
        version: 1.1.4
      '@types/node':
        specifier: ^20.11.19
        version: 20.19.43
      typescript:
        specifier: ^5.3.3
        version: 5.9.3

packages:

  '@isaacs/cliui@8.0.2':
    resolution: {integrity: sha512-O8jcjabXaleOG9DQ0+ARXWZBTfnP4WNAqzuiJK7ll44AmxGKv/J2M4TPjxjY3znBCfvBXFzucm1twdyFybFqEA==}
    engines: {node: '>=12'}

  '@pkgjs/parseargs@0.11.0':
    resolution: {integrity: sha512-+1VkjdD0QBLPodGrJUeqarH8VAIvQODIbwh9XpP5Syisf7YoQgsJKPNFoqqLQlu+VQ/tVSshMR6loPMn8U+dPg==}
    engines: {node: '>=14'}

  '@sharpee/bootstrap@1.1.1':
    resolution: {integrity: sha512-duER2eVzy6PfQRo2rTZ5/2LpSlzIo5Mm9JUcoKjAX7EWWq0Cp9AdbpscyAAaPYQFdPG5lltEq1g1WF/VXLsqLA==}
    engines: {node: '>=18.0.0'}

  '@sharpee/channel-service@1.1.1':
    resolution: {integrity: sha512-0EnFf7gB0/I8PGYsJc/pG6d85L2bl8Srhe62yjLmtL1RUDSY8cE54LID5D/6egxXTsl1npNr4sAnww0Z92yEpQ==}
    engines: {node: '>=18.0.0'}

  '@sharpee/core@1.1.1':
    resolution: {integrity: sha512-iWxDh0SAy19A9ZymLcOr8z6S/IzGWfLvtVINDP1WVzlIMuSOGD1i9T76zfKVjJrTG2EQtI2Q35i+4diGbntOww==}
    engines: {node: '>=18.0.0'}

  '@sharpee/devkit@1.1.4':
    resolution: {integrity: sha512-iqxfMwafVOkiVQ/I47nP7+0BXIr1Sb4GL0FXvXVjc1YXtSdnlX7FjkAah1rudHTuIDEgb5SHhtHPAmaqoz70IA==}
    engines: {node: '>=18.0.0'}
    hasBin: true

  '@sharpee/engine@1.1.1':
    resolution: {integrity: sha512-eGapl38+wbs2hbuINDZK89fUwASblcdpEAcoWvl6s4ApZAuIn2LwGKiRMpzcSSswPlDBGCkN/PRLQcAWXBOQAQ==}
    engines: {node: '>=18.0.0'}

  '@sharpee/event-processor@1.1.1':
    resolution: {integrity: sha512-uqtzefJ9oDcFl47Uj09IT0mLq5JYHCHpffHEV4R/B2J5nC3DrvHYiKqJpCZK3EvvyajqMmxOG3UlLCNuu5JFjg==}

  '@sharpee/ext-testing@1.1.1':
    resolution: {integrity: sha512-edifTg4JwYRYQfTuAqP38/H6tQU+mtFrTw9l5eMlJNuus2jXAfwzzHh16mocH0wqizU44KqAmflPv/Rqwu0YVQ==}

  '@sharpee/helpers@1.1.1':
    resolution: {integrity: sha512-4yX3ql2aHNs1QquJUTnL8u2ihyNAGI+4wdMTlIek1CsMzf57odMY9n2MeH6uu7DqnV5Y6TOcXPVIdVwH8iBNOA==}
    engines: {node: '>=18.0.0'}

  '@sharpee/ide-protocol@1.1.1':
    resolution: {integrity: sha512-IL9w4x+ZPYtqYnz79dryTXyg3u6in0l9EozMg/uOnGr3OrLZJmPdQSAmKNLvJraS0+AoQDsgRrcFdzEUAurskw==}
    engines: {node: '>=18.0.0'}

  '@sharpee/if-domain@1.1.1':
    resolution: {integrity: sha512-yvRcJTPBHBTU9r48EMkE0OmOVk7VDz5gdbczzWC62nBaUD5zK/vzBX3/Nu7oT3c/KpXXayeX1ePsmpEAycsG8A==}
    engines: {node: '>=18.0.0'}

  '@sharpee/if-services@1.1.1':
    resolution: {integrity: sha512-/UYHCfBB4KOb2cbouMq+FZeX0NVchCbAuos1GdVvC7nebIM9LRzDCgVkKB3jw9YzNfrZAZpfSu6nL7YQilaWZg==}

  '@sharpee/if-services@1.1.2':
    resolution: {integrity: sha512-42LJ5AjGnrVltJSg4BdOqiE3nIXDP5YYImC/X4Uz71ojOrBm5sB5lO8NpJdW9gO96t4xFX1ugDsvOg975JOt4Q==}

  '@sharpee/lang-en-us@1.2.0':
    resolution: {integrity: sha512-De3PNbwE7dlZoNcRsrmdyKMitenIzeSiWvC8OBnyOr7X7xODryEufB6kwNCuatObMPE9wxl7JJhv1Chs+HjDRg==}
    engines: {node: '>=18.0.0'}

  '@sharpee/media@1.1.1':
    resolution: {integrity: sha512-aQX/RC3+RJZ5xRzp6ZopUwsNgEkDIbswoZcWU7I4fxxBJROkliYiMknN9qiJBzfWt0r9y3wAPITlXypOxCeRyw==}
    engines: {node: '>=18.0.0'}

  '@sharpee/parser-en-us@1.1.1':
    resolution: {integrity: sha512-HCDaLKuEdR/1/Hhlz0hE2GpXZZ+iJ21FDIMe9fEzK1MOL1vssTtCBBnYa27QcQvG3FyNHe9RMeECt1zPqPUSdw==}
    engines: {node: '>=18.0.0'}

  '@sharpee/platform-browser@1.1.2':
    resolution: {integrity: sha512-+BnyVgkQ7zd1BS7+VXkM0c66LhbqVygsmXoB/xZ3hpbhuJJrXPpCOehO46tfWwREZAr/+vfN0Kph+ZJIP3a/nQ==}
    peerDependencies:
      '@sharpee/channel-service': ^1.1.1
      '@sharpee/core': ^1.1.1
      '@sharpee/engine': ^1.1.1
      '@sharpee/if-domain': ^1.1.1
      '@sharpee/stdlib': ^1.1.1
      '@sharpee/text-blocks': ^1.1.1
      '@sharpee/world-model': ^1.1.1

  '@sharpee/plugin-npc@1.1.1':
    resolution: {integrity: sha512-SxRddtT/VvYUxnzHMNtn8yGU75Gj9LLnKF/28dOkIGqHQ76nofix6xE+etnjW5cM8DaVZBAOPhthjDnaG+GKOA==}
    engines: {node: '>=18.0.0'}

  '@sharpee/plugin-scheduler@1.1.1':
    resolution: {integrity: sha512-pFxy7CqR0CjViSLzc86sF+Veb6tUQKncZE6bGPB7dUtv8cwjmieXjGGrPiAf+N1CAjJRZJNL3fLdP8P1ps7R/Q==}
    engines: {node: '>=18.0.0'}

  '@sharpee/plugins@1.1.1':
    resolution: {integrity: sha512-ve8V72SAIyg00hj+S/q2uCu0B6Y7nd35aXWm5PbcnUkC0f5UoeRC3yg4fSZB7t9GXlQL3kXdE+f0T6uY1YPecg==}
    engines: {node: '>=18.0.0'}

  '@sharpee/stdlib@1.2.0':
    resolution: {integrity: sha512-pWOhqBdQodJmY9hLWhA2+OtW/9K+i9l+xnnIwRIJoxbwTbFqoO7mKYfTEhd+wYNDzvHDWO+jBPldzo3XdigRdA==}
    engines: {node: '>=18.0.0'}

  '@sharpee/text-blocks@1.1.1':
    resolution: {integrity: sha512-SNnXLhCHQPDpdcZ1pM6D62XiCcC4ohBMWDwAYAxmqa1jj/ITSgFEQfsXhLTsgcCjXp/A234rDwyIa4NqaxunPA==}
    engines: {node: '>=18.0.0'}

  '@sharpee/transcript-tester@1.1.1':
    resolution: {integrity: sha512-hRJHvHkHuVRchsASFlAjiELeBfHvbkr8VwykYXBwy+8gdAPRQng67eS135zNGbroWL750KML1aCAypVi1GMRqA==}
    hasBin: true

  '@sharpee/world-model@1.2.0':
    resolution: {integrity: sha512-GmNlwF6vuYNxCj/NT4Gk1m3aAwXkYpwjzULqpAfXc0DY84fY7EFWnLNCOHE34QCdZfiuxmAjnahrYybP7hRdOQ==}
    engines: {node: '>=18.0.0'}

  '@types/node@20.19.43':
    resolution: {integrity: sha512-6oYBAi5ikg4Pl+kGsoYtawUMBT2zZMCvPNF7pVLnHZfd1zf38DRiWn/gT01RYCdUqkv7Fhr+C9ot4/tb+2sVvA==}

  ansi-regex@5.0.1:
    resolution: {integrity: sha512-quJQXlTSUGL2LH9SUXo8VwsY4soanhgo6LNSm84E1LBcE8s3O0wpdiRzyR9z/ZZJMlMWv37qOOb9pdJlMUEKFQ==}
    engines: {node: '>=8'}

  ansi-regex@6.2.2:
    resolution: {integrity: sha512-Bq3SmSpyFHaWjPk8If9yc6svM8c56dB5BAtW4Qbw5jHTwwXXcTLoRMkpDJp6VL0XzlWaCHTXrkFURMYmD0sLqg==}
    engines: {node: '>=12'}

  ansi-styles@4.3.0:
    resolution: {integrity: sha512-zbB9rCJAT1rbjiVDb2hqKFHNYLxgtk8NURxZ3IZwD3F6NtxbXZQCnnSi1Lkx+IDohdPlFp222wVALIheZJQSEg==}
    engines: {node: '>=8'}

  ansi-styles@6.2.3:
    resolution: {integrity: sha512-4Dj6M28JB+oAH8kFkTLUo+a2jwOFkuqb3yucU0CANcRRUbxS0cP0nZYCGjcc3BNXwRIsUVmDGgzawme7zvJHvg==}
    engines: {node: '>=12'}

  balanced-match@1.0.2:
    resolution: {integrity: sha512-3oSeUO0TMV67hN1AmbXsK4yaqU7tjiHlbxRDZOpH0KW9+CeX4bRAaX0Anxt0tx2MrpRpWwQaPwIlISEJhYU5Pw==}

  brace-expansion@2.1.1:
    resolution: {integrity: sha512-WR1cURNjuvBLMZBMbqM0UoE+WAfdUcEV1ccD8PVBVOI+Z3ND4+SZbN8RsfT2bMuG1qwz5RFvPukSZm5fF2D5eA==}

  chalk@4.1.2:
    resolution: {integrity: sha512-oKnbhFyRIXpUuez8iBMmyEa4nbj4IOQyuhc/wy9kY7/WVPcwIO9VA668Pu8RkO7+0G76SLROeyw9CpQ061i4mA==}
    engines: {node: '>=10'}

  color-convert@2.0.1:
    resolution: {integrity: sha512-RRECPsj7iu/xb5oKYcsFHSppFNnsj/52OVTRKb4zP5onXwVF3zVmmToNcOfGC+CRDpfK/U584fMg38ZHCaElKQ==}
    engines: {node: '>=7.0.0'}

  color-name@1.1.4:
    resolution: {integrity: sha512-dOy+3AuW3a2wNbZHIuMZpTcgjGuLU/uBL/ubcZF9OXbDo8ff4O8yVp5Bf0efS8uEoYo5q4Fx7dY9OgQGXgAsQA==}

  cross-spawn@7.0.6:
    resolution: {integrity: sha512-uV2QOWP2nWzsy2aMp8aRibhi9dlzF5Hgh5SHaB9OiTGEyDTiJJyx0uy51QXdyWbtAHNua4XJzUKca3OzKUd3vA==}
    engines: {node: '>= 8'}

  eastasianwidth@0.2.0:
    resolution: {integrity: sha512-I88TYZWc9XiYHRQ4/3c5rjjfgkjhLyW2luGIheGERbNQ6OY7yTybanSpDXZa8y7VUP9YmDcYa+eyq4ca7iLqWA==}

  emoji-regex@8.0.0:
    resolution: {integrity: sha512-MSjYzcWNOA0ewAHpz0MxpYFvwg6yjy1NG3xteoqz644VCo/RPgnr1/GGt+ic3iJTzQ8Eu3TdM14SawnVUmGE6A==}

  emoji-regex@9.2.2:
    resolution: {integrity: sha512-L18DaJsXSUk2+42pv8mLs5jJT2hqFkFE4j21wOmgbUqsZ2hL72NsUU785g9RXgo3s0ZNgVl42TiHp3ZtOv/Vyg==}

  eventemitter3@5.0.4:
    resolution: {integrity: sha512-mlsTRyGaPBjPedk6Bvw+aqbsXDtoAyAzm5MO7JgU+yVRyMQ5O8bD4Kcci7BS85f93veegeCPkL8R4GLClnjLFw==}

  fflate@0.8.3:
    resolution: {integrity: sha512-tbZNuJrLwGUp3zshBtdy4W+ORxZuIh8a5ilyIEQDC5rY1f3U20JMry0Ll3WBzU58EZKsEuJFXhb5gwv8CsPvgA==}

  foreground-child@3.3.1:
    resolution: {integrity: sha512-gIXjKqtFuWEgzFRJA9WCQeSJLZDjgJUOMCMzxtvFq/37KojM1BFGufqsCy0r4qSQmYLsZYMeyRqzIWOMup03sw==}
    engines: {node: '>=14'}

  glob@10.5.0:
    resolution: {integrity: sha512-DfXN8DfhJ7NH3Oe7cFmu3NCu1wKbkReJ8TorzSAFbSKrlNaQSKfIzqYqVY8zlbs2NLBbWpRiU52GX2PbaBVNkg==}
    deprecated: Old versions of glob are not supported, and contain widely publicized security vulnerabilities, which have been fixed in the current version. Please update. Support for old versions may be purchased (at exorbitant rates) by contacting i@izs.me
    hasBin: true

  has-flag@4.0.0:
    resolution: {integrity: sha512-EykJT/Q1KjTWctppgIAgfSO0tKVuZUjhgMr17kqTumMl6Afv3EISleU7qZUzoXDFTAHTDC4NOoG/ZxU3EvlMPQ==}
    engines: {node: '>=8'}

  is-fullwidth-code-point@3.0.0:
    resolution: {integrity: sha512-zymm5+u+sCsSWyD9qNaejV3DFvhCKclKdizYaJUuHA83RLjb7nSuGnddCHGv0hk+KY7BMAlsWeK4Ueg6EV6XQg==}
    engines: {node: '>=8'}

  isexe@2.0.0:
    resolution: {integrity: sha512-RHxMLp9lnKHGHRng9QFhRCMbYAcVpn69smSGcq3f36xjgVVWThj4qqLbTLlq7Ssj8B+fIQ1EuCEGI2lKsyQeIw==}

  jackspeak@3.4.3:
    resolution: {integrity: sha512-OGlZQpz2yfahA/Rd1Y8Cd9SIEsqvXkLVoSw/cgwhnhFMDbsQFeZYoJJ7bIZBS9BcamUW96asq/npPWugM+RQBw==}

  lru-cache@10.4.3:
    resolution: {integrity: sha512-JNAzZcXrCt42VGLuYz0zfAzDfAvJWW6AfYlDBQyDV5DClI2m5sAmK+OIO7s59XfsRsWHp02jAJrRadPRGTt6SQ==}

  lz-string@1.5.0:
    resolution: {integrity: sha512-h5bgJWpxJNswbU7qCrV0tIKQCaS3blPDrqKWx+QxzuzL1zGUzij9XCWLrSLsJPu5t+eWA/ycetzYAO5IOMcWAQ==}
    hasBin: true

  minimatch@9.0.9:
    resolution: {integrity: sha512-OBwBN9AL4dqmETlpS2zasx+vTeWclWzkblfZk7KTA5j3jeOONz/tRCnZomUyvNg83wL5Zv9Ss6HMJXAgL8R2Yg==}
    engines: {node: '>=16 || 14 >=14.17'}

  minipass@7.1.3:
    resolution: {integrity: sha512-tEBHqDnIoM/1rXME1zgka9g6Q2lcoCkxHLuc7ODJ5BxbP5d4c2Z5cGgtXAku59200Cx7diuHTOYfSBD8n6mm8A==}
    engines: {node: '>=16 || 14 >=14.17'}

  package-json-from-dist@1.0.1:
    resolution: {integrity: sha512-UEZIS3/by4OC8vL3P2dTXRETpebLI2NiI5vIrjaD/5UtrkFX/tNbwjTSRAGC/+7CAo2pIcBaRgWmcBBHcsaCIw==}

  path-key@3.1.1:
    resolution: {integrity: sha512-ojmeN0qd+y0jszEtoY48r0Peq5dwMEkIlCOu6Q5f41lfkswXuKtYrhgoTpLnyIcHm24Uhqx+5Tqm2InSwLhE6Q==}
    engines: {node: '>=8'}

  path-scurry@1.11.1:
    resolution: {integrity: sha512-Xa4Nw17FS9ApQFJ9umLiJS4orGjm7ZzwUrwamcGQuHSzDyth9boKDaycYdDcZDuqYATXw4HFXgaqWTctW/v1HA==}
    engines: {node: '>=16 || 14 >=14.18'}

  shebang-command@2.0.0:
    resolution: {integrity: sha512-kHxr2zZpYtdmrN1qDjrrX/Z1rR1kG8Dx+gkpK1G4eXmvXswmcE1hTWBWYUzlraYw1/yZp6YuDY77YtvbN0dmDA==}
    engines: {node: '>=8'}

  shebang-regex@3.0.0:
    resolution: {integrity: sha512-7++dFhtcx3353uBaq8DDR4NuxBetBzC7ZQOhmTQInHEd6bSrXdiEyzCvG07Z44UYdLShWUyXt5M/yhz8ekcb1A==}
    engines: {node: '>=8'}

  signal-exit@4.1.0:
    resolution: {integrity: sha512-bzyZ1e88w9O1iNJbKnOlvYTrWPDl46O1bG0D3XInv+9tkPrxrN8jUUTiFlDkkmKWgn1M6CfIA13SuGqOa9Korw==}
    engines: {node: '>=14'}

  string-width@4.2.3:
    resolution: {integrity: sha512-wKyQRQpjJ0sIp62ErSZdGsjMJWsap5oRNihHhu6G7JVO/9jIB6UyevL+tXuOqrng8j/cxKTWyWUwvSTriiZz/g==}
    engines: {node: '>=8'}

  string-width@5.1.2:
    resolution: {integrity: sha512-HnLOCR3vjcY8beoNLtcjZ5/nxn2afmME6lhrDrebokqMap+XbeW8n9TXpPDOqdGK5qcI3oT0GKTW6wC7EMiVqA==}
    engines: {node: '>=12'}

  strip-ansi@6.0.1:
    resolution: {integrity: sha512-Y38VPSHcqkFrCpFnQ9vuSXmquuv5oXOKpGeT6aGrr3o3Gc9AlVa6JBfUSOCnbxGGZF+/0ooI7KrPuUSztUdU5A==}
    engines: {node: '>=8'}

  strip-ansi@7.2.0:
    resolution: {integrity: sha512-yDPMNjp4WyfYBkHnjIRLfca1i6KMyGCtsVgoKe/z1+6vukgaENdgGBZt+ZmKPc4gavvEZ5OgHfHdrazhgNyG7w==}
    engines: {node: '>=12'}

  supports-color@7.2.0:
    resolution: {integrity: sha512-qpCAvRl9stuOHveKsn7HncJRvv501qIacKzQlO/+Lwxc9+0q2wLyv4Dfvt80/DPn2pqOBsJdDiogXGR9+OvwRw==}
    engines: {node: '>=8'}

  typescript@5.9.3:
    resolution: {integrity: sha512-jl1vZzPDinLr9eUt3J/t7V6FgNEw9QjvBPdysz9KfQDD41fQrC2Y4vKQdiaUpFT4bXlb1RHhLpp8wtm6M5TgSw==}
    engines: {node: '>=14.17'}
    hasBin: true

  undici-types@6.21.0:
    resolution: {integrity: sha512-iwDZqg0QAGrg9Rav5H4n0M64c3mkR59cJ6wQp+7C4nI0gsmExaedaYLNO44eT4AtBBwjbTiGPMlt2Md0T9H9JQ==}

  which@2.0.2:
    resolution: {integrity: sha512-BLI3Tl1TW3Pvl70l3yq3Y64i+awpwXqsGBYWkkqMtnbXgrMD+yj7rhW0kuEDxzJaYXGjEW5ogapKNMEKNMjibA==}
    engines: {node: '>= 8'}
    hasBin: true

  wrap-ansi@7.0.0:
    resolution: {integrity: sha512-YVGIj2kamLSTxw6NsZjoBxfSwsn0ycdesmc4p+Q21c5zPuZ1pl+NfxVdxPtdHvmNVOQ6XSYG4AUtyt/Fi7D16Q==}
    engines: {node: '>=10'}

  wrap-ansi@8.1.0:
    resolution: {integrity: sha512-si7QWI6zUMq56bESFvagtmzMdGOtoxfR+Sez11Mobfc7tm+VkUckk9bW2UeffTGVUbOksxmSw0AA2gs8g71NCQ==}
    engines: {node: '>=12'}

snapshots:

  '@isaacs/cliui@8.0.2':
    dependencies:
      string-width: 5.1.2
      string-width-cjs: string-width@4.2.3
      strip-ansi: 7.2.0
      strip-ansi-cjs: strip-ansi@6.0.1
      wrap-ansi: 8.1.0
      wrap-ansi-cjs: wrap-ansi@7.0.0

  '@pkgjs/parseargs@0.11.0':
    optional: true

  '@sharpee/bootstrap@1.1.1':
    dependencies:
      '@sharpee/channel-service': 1.1.1
      '@sharpee/core': 1.1.1
      '@sharpee/engine': 1.1.1
      '@sharpee/ext-testing': 1.1.1
      '@sharpee/ide-protocol': 1.1.1
      '@sharpee/if-domain': 1.1.1
      '@sharpee/lang-en-us': 1.2.0
      '@sharpee/parser-en-us': 1.1.1
      '@sharpee/stdlib': 1.2.0
      '@sharpee/world-model': 1.2.0

  '@sharpee/channel-service@1.1.1':
    dependencies:
      '@sharpee/core': 1.1.1
      '@sharpee/if-domain': 1.1.1
      '@sharpee/text-blocks': 1.1.1
      '@sharpee/world-model': 1.2.0

  '@sharpee/core@1.1.1':
    dependencies:
      eventemitter3: 5.0.4

  '@sharpee/devkit@1.1.4':
    dependencies:
      '@sharpee/bootstrap': 1.1.1
      '@sharpee/core': 1.1.1
      '@sharpee/transcript-tester': 1.1.1
      fflate: 0.8.3

  '@sharpee/engine@1.1.1':
    dependencies:
      '@sharpee/channel-service': 1.1.1
      '@sharpee/core': 1.1.1
      '@sharpee/event-processor': 1.1.1
      '@sharpee/if-domain': 1.1.1
      '@sharpee/if-services': 1.1.1
      '@sharpee/lang-en-us': 1.2.0
      '@sharpee/parser-en-us': 1.1.1
      '@sharpee/plugins': 1.1.1
      '@sharpee/stdlib': 1.2.0
      '@sharpee/text-blocks': 1.1.1
      '@sharpee/world-model': 1.2.0
      fflate: 0.8.3

  '@sharpee/event-processor@1.1.1':
    dependencies:
      '@sharpee/core': 1.1.1
      '@sharpee/if-domain': 1.1.1
      '@sharpee/world-model': 1.2.0

  '@sharpee/ext-testing@1.1.1':
    dependencies:
      '@sharpee/core': 1.1.1
      '@sharpee/if-domain': 1.1.1
      '@sharpee/world-model': 1.2.0

  '@sharpee/helpers@1.1.1':
    dependencies:
      '@sharpee/world-model': 1.2.0

  '@sharpee/ide-protocol@1.1.1': {}

  '@sharpee/if-domain@1.1.1':
    dependencies:
      '@sharpee/core': 1.1.1
      '@sharpee/text-blocks': 1.1.1

  '@sharpee/if-services@1.1.1':
    dependencies:
      '@sharpee/core': 1.1.1
      '@sharpee/if-domain': 1.1.1
      '@sharpee/world-model': 1.2.0

  '@sharpee/if-services@1.1.2':
    dependencies:
      '@sharpee/core': 1.1.1
      '@sharpee/if-domain': 1.1.1
      '@sharpee/world-model': 1.2.0

  '@sharpee/lang-en-us@1.2.0':
    dependencies:
      '@sharpee/core': 1.1.1
      '@sharpee/if-domain': 1.1.1

  '@sharpee/media@1.1.1':
    dependencies:
      '@sharpee/core': 1.1.1

  '@sharpee/parser-en-us@1.1.1':
    dependencies:
      '@sharpee/core': 1.1.1
      '@sharpee/if-domain': 1.1.1
      '@sharpee/lang-en-us': 1.2.0
      '@sharpee/world-model': 1.2.0

  '@sharpee/platform-browser@1.1.2(@sharpee/channel-service@1.1.1)(@sharpee/core@1.1.1)(@sharpee/engine@1.1.1)(@sharpee/if-domain@1.1.1)(@sharpee/stdlib@1.2.0)(@sharpee/text-blocks@1.1.1)(@sharpee/world-model@1.2.0)':
    dependencies:
      '@sharpee/channel-service': 1.1.1
      '@sharpee/core': 1.1.1
      '@sharpee/engine': 1.1.1
      '@sharpee/if-domain': 1.1.1
      '@sharpee/stdlib': 1.2.0
      '@sharpee/text-blocks': 1.1.1
      '@sharpee/world-model': 1.2.0
      lz-string: 1.5.0

  '@sharpee/plugin-npc@1.1.1':
    dependencies:
      '@sharpee/core': 1.1.1
      '@sharpee/plugins': 1.1.1
      '@sharpee/stdlib': 1.2.0
      '@sharpee/world-model': 1.2.0

  '@sharpee/plugin-scheduler@1.1.1':
    dependencies:
      '@sharpee/core': 1.1.1
      '@sharpee/plugins': 1.1.1
      '@sharpee/world-model': 1.2.0

  '@sharpee/plugins@1.1.1':
    dependencies:
      '@sharpee/core': 1.1.1
      '@sharpee/world-model': 1.2.0

  '@sharpee/stdlib@1.2.0':
    dependencies:
      '@sharpee/core': 1.1.1
      '@sharpee/if-domain': 1.1.1
      '@sharpee/if-services': 1.1.2
      '@sharpee/lang-en-us': 1.2.0
      '@sharpee/text-blocks': 1.1.1
      '@sharpee/world-model': 1.2.0

  '@sharpee/text-blocks@1.1.1': {}

  '@sharpee/transcript-tester@1.1.1':
    dependencies:
      '@sharpee/bootstrap': 1.1.1
      '@sharpee/channel-service': 1.1.1
      '@sharpee/core': 1.1.1
      '@sharpee/engine': 1.1.1
      '@sharpee/lang-en-us': 1.2.0
      '@sharpee/parser-en-us': 1.1.1
      '@sharpee/stdlib': 1.2.0
      '@sharpee/world-model': 1.2.0
      chalk: 4.1.2
      glob: 10.5.0

  '@sharpee/world-model@1.2.0':
    dependencies:
      '@sharpee/core': 1.1.1
      '@sharpee/if-domain': 1.1.1

  '@types/node@20.19.43':
    dependencies:
      undici-types: 6.21.0

  ansi-regex@5.0.1: {}

  ansi-regex@6.2.2: {}

  ansi-styles@4.3.0:
    dependencies:
      color-convert: 2.0.1

  ansi-styles@6.2.3: {}

  balanced-match@1.0.2: {}

  brace-expansion@2.1.1:
    dependencies:
      balanced-match: 1.0.2

  chalk@4.1.2:
    dependencies:
      ansi-styles: 4.3.0
      supports-color: 7.2.0

  color-convert@2.0.1:
    dependencies:
      color-name: 1.1.4

  color-name@1.1.4: {}

  cross-spawn@7.0.6:
    dependencies:
      path-key: 3.1.1
      shebang-command: 2.0.0
      which: 2.0.2

  eastasianwidth@0.2.0: {}

  emoji-regex@8.0.0: {}

  emoji-regex@9.2.2: {}

  eventemitter3@5.0.4: {}

  fflate@0.8.3: {}

  foreground-child@3.3.1:
    dependencies:
      cross-spawn: 7.0.6
      signal-exit: 4.1.0

  glob@10.5.0:
    dependencies:
      foreground-child: 3.3.1
      jackspeak: 3.4.3
      minimatch: 9.0.9
      minipass: 7.1.3
      package-json-from-dist: 1.0.1
      path-scurry: 1.11.1

  has-flag@4.0.0: {}

  is-fullwidth-code-point@3.0.0: {}

  isexe@2.0.0: {}

  jackspeak@3.4.3:
    dependencies:
      '@isaacs/cliui': 8.0.2
    optionalDependencies:
      '@pkgjs/parseargs': 0.11.0

  lru-cache@10.4.3: {}

  lz-string@1.5.0: {}

  minimatch@9.0.9:
    dependencies:
      brace-expansion: 2.1.1

  minipass@7.1.3: {}

  package-json-from-dist@1.0.1: {}

  path-key@3.1.1: {}

  path-scurry@1.11.1:
    dependencies:
      lru-cache: 10.4.3
      minipass: 7.1.3

  shebang-command@2.0.0:
    dependencies:
      shebang-regex: 3.0.0

  shebang-regex@3.0.0: {}

  signal-exit@4.1.0: {}

  string-width@4.2.3:
    dependencies:
      emoji-regex: 8.0.0
      is-fullwidth-code-point: 3.0.0
      strip-ansi: 6.0.1

  string-width@5.1.2:
    dependencies:
      eastasianwidth: 0.2.0
      emoji-regex: 9.2.2
      strip-ansi: 7.2.0

  strip-ansi@6.0.1:
    dependencies:
      ansi-regex: 5.0.1

  strip-ansi@7.2.0:
    dependencies:
      ansi-regex: 6.2.2

  supports-color@7.2.0:
    dependencies:
      has-flag: 4.0.0

  typescript@5.9.3: {}

  undici-types@6.21.0: {}

  which@2.0.2:
    dependencies:
      isexe: 2.0.0

  wrap-ansi@7.0.0:
    dependencies:
      ansi-styles: 4.3.0
      string-width: 4.2.3
      strip-ansi: 6.0.1

  wrap-ansi@8.1.0:
    dependencies:
      ansi-styles: 6.2.3
      string-width: 5.1.2
      strip-ansi: 7.2.0
